
Microsoft Visual Studio Solution File, Format Version 12.00
# Visual Studio Version 17
VisualStudioVersion = 17.3.32819.101
MinimumVisualStudioVersion = 10.0.40219.1
Project("{FAE04EC0-301F-11D3-BF4B-00C04F79EFBC}") = "AuthPortalApi", "AuthPortalApi\AuthPortalApi.csproj", "{0594DBE8-D8DB-4C74-BF80-D357435141E8}"
EndProject
Global
	GlobalSection(SolutionConfigurationPlatforms) = preSolution
		Debug|Any CPU = Debug|Any CPU
		Release|Any CPU = Release|Any CPU
	EndGlobalSection
	GlobalSection(ProjectConfigurationPlatforms) = postSolution
		{0594DBE8-D8DB-4C74-BF80-D357435141E8}.Debug|Any CPU.ActiveCfg = Debug|Any CPU
		{0594DBE8-D8DB-4C74-BF80-D357435141E8}.Debug|Any CPU.Build.0 = Debug|Any CPU
		{0594DBE8-D8DB-4C74-BF80-D357435141E8}.Release|Any CPU.ActiveCfg = Release|Any CPU
		{0594DBE8-D8DB-4C74-BF80-D357435141E8}.Release|Any CPU.Build.0 = Release|Any CPU
	EndGlobalSection
	GlobalSection(SolutionProperties) = preSolution
		HideSolutionNode = FALSE
	EndGlobalSection
	GlobalSection(ExtensibilityGlobals) = postSolution
		SolutionGuid = {32C4F4DF-0164-4E6F-BE09-4F540C31D010}
	EndGlobalSection
EndGlobal
